
Microsoft Visual Studio Solution File, Format Version 12.00
# Visual Studio 2013
VisualStudioVersion = 12.0.31101.0
MinimumVisualStudioVersion = 10.0.40219.1
Project("{FAE04EC0-301F-11D3-BF4B-00C04F79EFBC}") = "KidChores", "KidChores\KidChores.csproj", "{338748A9-6007-44ED-BD80-2C229570B15D}"
EndProject
Project("{FAE04EC0-301F-11D3-BF4B-00C04F79EFBC}") = "KidChores.Data", "KidChores.Datea\KidChores.Data.csproj", "{582E17AC-7BB9-4B44-838D-2A2E0576FE2B}"
EndProject
Project("{FAE04EC0-301F-11D3-BF4B-00C04F79EFBC}") = "KidChores.Data.Models", "KidChores.Data.Models\KidChores.Data.Models.csproj", "{333A0DB7-46D8-48AB-B4F4-F4274241AA77}"
EndProject
Global
	GlobalSection(SolutionConfigurationPlatforms) = preSolution
		Debug|Any CPU = Debug|Any CPU
		Release|Any CPU = Release|Any CPU
	EndGlobalSection
	GlobalSection(ProjectConfigurationPlatforms) = postSolution
		{338748A9-6007-44ED-BD80-2C229570B15D}.Debug|Any CPU.ActiveCfg = Debug|Any CPU
		{338748A9-6007-44ED-BD80-2C229570B15D}.Debug|Any CPU.Build.0 = Debug|Any CPU
		{338748A9-6007-44ED-BD80-2C229570B15D}.Release|Any CPU.ActiveCfg = Release|Any CPU
		{338748A9-6007-44ED-BD80-2C229570B15D}.Release|Any CPU.Build.0 = Release|Any CPU
		{582E17AC-7BB9-4B44-838D-2A2E0576FE2B}.Debug|Any CPU.ActiveCfg = Debug|Any CPU
		{582E17AC-7BB9-4B44-838D-2A2E0576FE2B}.Debug|Any CPU.Build.0 = Debug|Any CPU
		{582E17AC-7BB9-4B44-838D-2A2E0576FE2B}.Release|Any CPU.ActiveCfg = Release|Any CPU
		{582E17AC-7BB9-4B44-838D-2A2E0576FE2B}.Release|Any CPU.Build.0 = Release|Any CPU
		{333A0DB7-46D8-48AB-B4F4-F4274241AA77}.Debug|Any CPU.ActiveCfg = Debug|Any CPU
		{333A0DB7-46D8-48AB-B4F4-F4274241AA77}.Debug|Any CPU.Build.0 = Debug|Any CPU
		{333A0DB7-46D8-48AB-B4F4-F4274241AA77}.Release|Any CPU.ActiveCfg = Release|Any CPU
		{333A0DB7-46D8-48AB-B4F4-F4274241AA77}.Release|Any CPU.Build.0 = Release|Any CPU
	EndGlobalSection
	GlobalSection(SolutionProperties) = preSolution
		HideSolutionNode = FALSE
	EndGlobalSection
EndGlobal
